// !$*UTF8*$!
{
	archiveVersion = 1;
	classes = {
	};
	objectVersion = 46;
	objects = {

/* Begin PBXBuildFile section */
		09CF32F1190F964C00632334 /* PPSpringSizeViewController.m in Sources */ = {isa = PBXBuildFile; fileRef = 09CF32F0190F964C00632334 /* PPSpringSizeViewController.m */; };
		09CF32F4190FACCB00632334 /* PPSpringButtonViewController.m in Sources */ = {isa = PBXBuildFile; fileRef = 09CF32F3190FACCB00632334 /* PPSpringButtonViewController.m */; };
		09DEEFB2190FD25900DEF195 /* cross@2x.png in Resources */ = {isa = PBXBuildFile; fileRef = 09DEEFB1190FD25900DEF195 /* cross@2x.png */; };
		09DEEFB8190FE33C00DEF195 /* view@2x.png in Resources */ = {isa = PBXBuildFile; fileRef = 09DEEFB3190FE33C00DEF195 /* view@2x.png */; };
		09DEEFB9190FE33C00DEF195 /* lock@2x.png in Resources */ = {isa = PBXBuildFile; fileRef = 09DEEFB4190FE33C00DEF195 /* lock@2x.png */; };
		09DEEFBA190FE33C00DEF195 /* compose@2x.png in Resources */ = {isa = PBXBuildFile; fileRef = 09DEEFB5190FE33C00DEF195 /* compose@2x.png */; };
		09DEEFBB190FE33C00DEF195 /* time@2x.png in Resources */ = {isa = PBXBuildFile; fileRef = 09DEEFB6190FE33C00DEF195 /* time@2x.png */; };
		09DEEFBC190FE33C00DEF195 /* photo@2x.png in Resources */ = {isa = PBXBuildFile; fileRef = 09DEEFB7190FE33C00DEF195 /* photo@2x.png */; };
		09DEEFBE190FE35600DEF195 /* corsica@2x.jpg in Resources */ = {isa = PBXBuildFile; fileRef = 09DEEFBD190FE35600DEF195 /* corsica@2x.jpg */; };
		09DEEFC0190FE3D700DEF195 /* fullscreen@2x.png in Resources */ = {isa = PBXBuildFile; fileRef = 09DEEFBF190FE3D700DEF195 /* fullscreen@2x.png */; };
		09DEEFC3190FE43A00DEF195 /* PPPictureViewController.m in Sources */ = {isa = PBXBuildFile; fileRef = 09DEEFC2190FE43A00DEF195 /* PPPictureViewController.m */; };
		C92ABFC219145EE8006B9129 /* PPCustomSegue.m in Sources */ = {isa = PBXBuildFile; fileRef = C92ABFC119145EE8006B9129 /* PPCustomSegue.m */; };
		C95B1194190F0D93005DC67D /* Foundation.framework in Frameworks */ = {isa = PBXBuildFile; fileRef = C95B1193190F0D93005DC67D /* Foundation.framework */; };
		C95B1196190F0D93005DC67D /* CoreGraphics.framework in Frameworks */ = {isa = PBXBuildFile; fileRef = C95B1195190F0D93005DC67D /* CoreGraphics.framework */; };
		C95B1198190F0D93005DC67D /* UIKit.framework in Frameworks */ = {isa = PBXBuildFile; fileRef = C95B1197190F0D93005DC67D /* UIKit.framework */; };
		C95B119E190F0D93005DC67D /* InfoPlist.strings in Resources */ = {isa = PBXBuildFile; fileRef = C95B119C190F0D93005DC67D /* InfoPlist.strings */; };
		C95B11A0190F0D93005DC67D /* main.m in Sources */ = {isa = PBXBuildFile; fileRef = C95B119F190F0D93005DC67D /* main.m */; };
		C95B11A4190F0D93005DC67D /* PPAppDelegate.m in Sources */ = {isa = PBXBuildFile; fileRef = C95B11A3190F0D93005DC67D /* PPAppDelegate.m */; };
		C95B11A7190F0D93005DC67D /* Main.storyboard in Resources */ = {isa = PBXBuildFile; fileRef = C95B11A5190F0D93005DC67D /* Main.storyboard */; };
		C95B11AA190F0D93005DC67D /* PPFirstViewController.m in Sources */ = {isa = PBXBuildFile; fileRef = C95B11A9190F0D93005DC67D /* PPFirstViewController.m */; };
		C95B11AF190F0D93005DC67D /* Images.xcassets in Resources */ = {isa = PBXBuildFile; fileRef = C95B11AE190F0D93005DC67D /* Images.xcassets */; };
		C95B11B6190F0D93005DC67D /* XCTest.framework in Frameworks */ = {isa = PBXBuildFile; fileRef = C95B11B5190F0D93005DC67D /* XCTest.framework */; };
		C95B11B7190F0D93005DC67D /* Foundation.framework in Frameworks */ = {isa = PBXBuildFile; fileRef = C95B1193190F0D93005DC67D /* Foundation.framework */; };
		C95B11B8190F0D93005DC67D /* UIKit.framework in Frameworks */ = {isa = PBXBuildFile; fileRef = C95B1197190F0D93005DC67D /* UIKit.framework */; };
		C95B11C0190F0D93005DC67D /* InfoPlist.strings in Resources */ = {isa = PBXBuildFile; fileRef = C95B11BE190F0D93005DC67D /* InfoPlist.strings */; };
		C95B11C2190F0D93005DC67D /* PopPlaygroundTests.m in Sources */ = {isa = PBXBuildFile; fileRef = C95B11C1190F0D93005DC67D /* PopPlaygroundTests.m */; };
		E3E23F5C2E484CAE95AFBE4D /* libPods.a in Frameworks */ = {isa = PBXBuildFile; fileRef = F130BF34BCB04F218BD03492 /* libPods.a */; };
		EFF352A31910352600C925E8 /* PPPictureConstraintViewController.m in Sources */ = {isa = PBXBuildFile; fileRef = EFF352A21910352600C925E8 /* PPPictureConstraintViewController.m */; };
/* End PBXBuildFile section */

/* Begin PBXContainerItemProxy section */
		C95B11B9190F0D93005DC67D /* PBXContainerItemProxy */ = {
			isa = PBXContainerItemProxy;
			containerPortal = C95B1188190F0D93005DC67D /* Project object */;
			proxyType = 1;
			remoteGlobalIDString = C95B118F190F0D93005DC67D;
			remoteInfo = PopPlayground;
		};
/* End PBXContainerItemProxy section */

/* Begin PBXFileReference section */
		09CF32EF190F964C00632334 /* PPSpringSizeViewController.h */ = {isa = PBXFileReference; fileEncoding = 4; lastKnownFileType = sourcecode.c.h; path = PPSpringSizeViewController.h; sourceTree = "<group>"; };
		09CF32F0190F964C00632334 /* PPSpringSizeViewController.m */ = {isa = PBXFileReference; fileEncoding = 4; lastKnownFileType = sourcecode.c.objc; path = PPSpringSizeViewController.m; sourceTree = "<group>"; };
		09CF32F2190FACCB00632334 /* PPSpringButtonViewController.h */ = {isa = PBXFileReference; fileEncoding = 4; lastKnownFileType = sourcecode.c.h; path = PPSpringButtonViewController.h; sourceTree = "<group>"; };
		09CF32F3190FACCB00632334 /* PPSpringButtonViewController.m */ = {isa = PBXFileReference; fileEncoding = 4; lastKnownFileType = sourcecode.c.objc; path = PPSpringButtonViewController.m; sourceTree = "<group>"; };
		09DEEFB1190FD25900DEF195 /* cross@2x.png */ = {isa = PBXFileReference; lastKnownFileType = image.png; path = "cross@2x.png"; sourceTree = "<group>"; };
		09DEEFB3190FE33C00DEF195 /* view@2x.png */ = {isa = PBXFileReference; lastKnownFileType = image.png; path = "view@2x.png"; sourceTree = "<group>"; };
		09DEEFB4190FE33C00DEF195 /* lock@2x.png */ = {isa = PBXFileReference; lastKnownFileType = image.png; path = "lock@2x.png"; sourceTree = "<group>"; };
		09DEEFB5190FE33C00DEF195 /* compose@2x.png */ = {isa = PBXFileReference; lastKnownFileType = image.png; path = "compose@2x.png"; sourceTree = "<group>"; };
		09DEEFB6190FE33C00DEF195 /* time@2x.png */ = {isa = PBXFileReference; lastKnownFileType = image.png; path = "time@2x.png"; sourceTree = "<group>"; };
		09DEEFB7190FE33C00DEF195 /* photo@2x.png */ = {isa = PBXFileReference; lastKnownFileType = image.png; path = "photo@2x.png"; sourceTree = "<group>"; };
		09DEEFBD190FE35600DEF195 /* corsica@2x.jpg */ = {isa = PBXFileReference; lastKnownFileType = image.jpeg; path = "corsica@2x.jpg"; sourceTree = "<group>"; };
		09DEEFBF190FE3D700DEF195 /* fullscreen@2x.png */ = {isa = PBXFileReference; lastKnownFileType = image.png; path = "fullscreen@2x.png"; sourceTree = "<group>"; };
		09DEEFC1190FE43A00DEF195 /* PPPictureViewController.h */ = {isa = PBXFileReference; fileEncoding = 4; lastKnownFileType = sourcecode.c.h; path = PPPictureViewController.h; sourceTree = "<group>"; };
		09DEEFC2190FE43A00DEF195 /* PPPictureViewController.m */ = {isa = PBXFileReference; fileEncoding = 4; lastKnownFileType = sourcecode.c.objc; path = PPPictureViewController.m; sourceTree = "<group>"; };
		799E71F0E1F847F68D944073 /* Pods.xcconfig */ = {isa = PBXFileReference; includeInIndex = 1; lastKnownFileType = text.xcconfig; name = Pods.xcconfig; path = Pods/Pods.xcconfig; sourceTree = "<group>"; };
		C92ABFC019145EE8006B9129 /* PPCustomSegue.h */ = {isa = PBXFileReference; fileEncoding = 4; lastKnownFileType = sourcecode.c.h; path = PPCustomSegue.h; sourceTree = "<group>"; };
		C92ABFC119145EE8006B9129 /* PPCustomSegue.m */ = {isa = PBXFileReference; fileEncoding = 4; lastKnownFileType = sourcecode.c.objc; path = PPCustomSegue.m; sourceTree = "<group>"; };
		C95B1190190F0D93005DC67D /* PopPlayground.app */ = {isa = PBXFileReference; explicitFileType = wrapper.application; includeInIndex = 0; path = PopPlayground.app; sourceTree = BUILT_PRODUCTS_DIR; };
		C95B1193190F0D93005DC67D /* Foundation.framework */ = {isa = PBXFileReference; lastKnownFileType = wrapper.framework; name = Foundation.framework; path = System/Library/Frameworks/Foundation.framework; sourceTree = SDKROOT; };
		C95B1195190F0D93005DC67D /* CoreGraphics.framework */ = {isa = PBXFileReference; lastKnownFileType = wrapper.framework; name = CoreGraphics.framework; path = System/Library/Frameworks/CoreGraphics.framework; sourceTree = SDKROOT; };
		C95B1197190F0D93005DC67D /* UIKit.framework */ = {isa = PBXFileReference; lastKnownFileType = wrapper.framework; name = UIKit.framework; path = System/Library/Frameworks/UIKit.framework; sourceTree = SDKROOT; };
		C95B119B190F0D93005DC67D /* PopPlayground-Info.plist */ = {isa = PBXFileReference; lastKnownFileType = text.plist.xml; path = "PopPlayground-Info.plist"; sourceTree = "<group>"; };
		C95B119D190F0D93005DC67D /* en */ = {isa = PBXFileReference; lastKnownFileType = text.plist.strings; name = en; path = en.lproj/InfoPlist.strings; sourceTree = "<group>"; };
		C95B119F190F0D93005DC67D /* main.m */ = {isa = PBXFileReference; lastKnownFileType = sourcecode.c.objc; path = main.m; sourceTree = "<group>"; };
		C95B11A1190F0D93005DC67D /* PopPlayground-Prefix.pch */ = {isa = PBXFileReference; lastKnownFileType = sourcecode.c.h; path = "PopPlayground-Prefix.pch"; sourceTree = "<group>"; };
		C95B11A2190F0D93005DC67D /* PPAppDelegate.h */ = {isa = PBXFileReference; lastKnownFileType = sourcecode.c.h; path = PPAppDelegate.h; sourceTree = "<group>"; };
		C95B11A3190F0D93005DC67D /* PPAppDelegate.m */ = {isa = PBXFileReference; lastKnownFileType = sourcecode.c.objc; path = PPAppDelegate.m; sourceTree = "<group>"; };
		C95B11A6190F0D93005DC67D /* Base */ = {isa = PBXFileReference; lastKnownFileType = file.storyboard; name = Base; path = Base.lproj/Main.storyboard; sourceTree = "<group>"; };
		C95B11A8190F0D93005DC67D /* PPFirstViewController.h */ = {isa = PBXFileReference; lastKnownFileType = sourcecode.c.h; path = PPFirstViewController.h; sourceTree = "<group>"; };
		C95B11A9190F0D93005DC67D /* PPFirstViewController.m */ = {isa = PBXFileReference; lastKnownFileType = sourcecode.c.objc; path = PPFirstViewController.m; sourceTree = "<group>"; };
		C95B11AE190F0D93005DC67D /* Images.xcassets */ = {isa = PBXFileReference; lastKnownFileType = folder.assetcatalog; path = Images.xcassets; sourceTree = "<group>"; };
		C95B11B4190F0D93005DC67D /* PopPlaygroundTests.xctest */ = {isa = PBXFileReference; explicitFileType = wrapper.cfbundle; includeInIndex = 0; path = PopPlaygroundTests.xctest; sourceTree = BUILT_PRODUCTS_DIR; };
		C95B11B5190F0D93005DC67D /* XCTest.framework */ = {isa = PBXFileReference; lastKnownFileType = wrapper.framework; name = XCTest.framework; path = Library/Frameworks/XCTest.framework; sourceTree = DEVELOPER_DIR; };
		C95B11BD190F0D93005DC67D /* PopPlaygroundTests-Info.plist */ = {isa = PBXFileReference; lastKnownFileType = text.plist.xml; path = "PopPlaygroundTests-Info.plist"; sourceTree = "<group>"; };
		C95B11BF190F0D93005DC67D /* en */ = {isa = PBXFileReference; lastKnownFileType = text.plist.strings; name = en; path = en.lproj/InfoPlist.strings; sourceTree = "<group>"; };
		C95B11C1190F0D93005DC67D /* PopPlaygroundTests.m */ = {isa = PBXFileReference; lastKnownFileType = sourcecode.c.objc; path = PopPlaygroundTests.m; sourceTree = "<group>"; };
		EFF352A11910352600C925E8 /* PPPictureConstraintViewController.h */ = {isa = PBXFileReference; fileEncoding = 4; lastKnownFileType = sourcecode.c.h; path = PPPictureConstraintViewController.h; sourceTree = "<group>"; };
		EFF352A21910352600C925E8 /* PPPictureConstraintViewController.m */ = {isa = PBXFileReference; fileEncoding = 4; lastKnownFileType = sourcecode.c.objc; path = PPPictureConstraintViewController.m; sourceTree = "<group>"; };
		F130BF34BCB04F218BD03492 /* libPods.a */ = {isa = PBXFileReference; explicitFileType = archive.ar; includeInIndex = 0; path = libPods.a; sourceTree = BUILT_PRODUCTS_DIR; };
/* End PBXFileReference section */

/* Begin PBXFrameworksBuildPhase section */
		C95B118D190F0D93005DC67D /* Frameworks */ = {
			isa = PBXFrameworksBuildPhase;
			buildActionMask = 2147483647;
			files = (
				C95B1196190F0D93005DC67D /* CoreGraphics.framework in Frameworks */,
				C95B1198190F0D93005DC67D /* UIKit.framework in Frameworks */,
				C95B1194190F0D93005DC67D /* Foundation.framework in Frameworks */,
				E3E23F5C2E484CAE95AFBE4D /* libPods.a in Frameworks */,
			);
			runOnlyForDeploymentPostprocessing = 0;
		};
		C95B11B1190F0D93005DC67D /* Frameworks */ = {
			isa = PBXFrameworksBuildPhase;
			buildActionMask = 2147483647;
			files = (
				C95B11B6190F0D93005DC67D /* XCTest.framework in Frameworks */,
				C95B11B8190F0D93005DC67D /* UIKit.framework in Frameworks */,
				C95B11B7190F0D93005DC67D /* Foundation.framework in Frameworks */,
			);
			runOnlyForDeploymentPostprocessing = 0;
		};
/* End PBXFrameworksBuildPhase section */

/* Begin PBXGroup section */
		C95B1187190F0D93005DC67D = {
			isa = PBXGroup;
			children = (
				C95B1199190F0D93005DC67D /* PopPlayground */,
				C95B11BB190F0D93005DC67D /* PopPlaygroundTests */,
				C95B1192190F0D93005DC67D /* Frameworks */,
				C95B1191190F0D93005DC67D /* Products */,
				799E71F0E1F847F68D944073 /* Pods.xcconfig */,
			);
			sourceTree = "<group>";
		};
		C95B1191190F0D93005DC67D /* Products */ = {
			isa = PBXGroup;
			children = (
				C95B1190190F0D93005DC67D /* PopPlayground.app */,
				C95B11B4190F0D93005DC67D /* PopPlaygroundTests.xctest */,
			);
			name = Products;
			sourceTree = "<group>";
		};
		C95B1192190F0D93005DC67D /* Frameworks */ = {
			isa = PBXGroup;
			children = (
				C95B1193190F0D93005DC67D /* Foundation.framework */,
				C95B1195190F0D93005DC67D /* CoreGraphics.framework */,
				C95B1197190F0D93005DC67D /* UIKit.framework */,
				C95B11B5190F0D93005DC67D /* XCTest.framework */,
				F130BF34BCB04F218BD03492 /* libPods.a */,
			);
			name = Frameworks;
			sourceTree = "<group>";
		};
		C95B1199190F0D93005DC67D /* PopPlayground */ = {
			isa = PBXGroup;
			children = (
				C95B11A2190F0D93005DC67D /* PPAppDelegate.h */,
				C95B11A3190F0D93005DC67D /* PPAppDelegate.m */,
				C95B11A5190F0D93005DC67D /* Main.storyboard */,
				EFF3529919101DD600C925E8 /* Root */,
				C95B11AE190F0D93005DC67D /* Images.xcassets */,
				C95B119A190F0D93005DC67D /* Supporting Files */,
			);
			path = PopPlayground;
			sourceTree = "<group>";
		};
		C95B119A190F0D93005DC67D /* Supporting Files */ = {
			isa = PBXGroup;
			children = (
				09DEEFBF190FE3D700DEF195 /* fullscreen@2x.png */,
				09DEEFB1190FD25900DEF195 /* cross@2x.png */,
				09DEEFB3190FE33C00DEF195 /* view@2x.png */,
				09DEEFB4190FE33C00DEF195 /* lock@2x.png */,
				09DEEFB5190FE33C00DEF195 /* compose@2x.png */,
				09DEEFB6190FE33C00DEF195 /* time@2x.png */,
				09DEEFB7190FE33C00DEF195 /* photo@2x.png */,
				09DEEFBD190FE35600DEF195 /* corsica@2x.jpg */,
				C95B119B190F0D93005DC67D /* PopPlayground-Info.plist */,
				C95B119C190F0D93005DC67D /* InfoPlist.strings */,
				C95B119F190F0D93005DC67D /* main.m */,
				C95B11A1190F0D93005DC67D /* PopPlayground-Prefix.pch */,
			);
			name = "Supporting Files";
			sourceTree = "<group>";
		};
		C95B11BB190F0D93005DC67D /* PopPlaygroundTests */ = {
			isa = PBXGroup;
			children = (
				C95B11C1190F0D93005DC67D /* PopPlaygroundTests.m */,
				C95B11BC190F0D93005DC67D /* Supporting Files */,
			);
			path = PopPlaygroundTests;
			sourceTree = "<group>";
		};
		C95B11BC190F0D93005DC67D /* Supporting Files */ = {
			isa = PBXGroup;
			children = (
				C95B11BD190F0D93005DC67D /* PopPlaygroundTests-Info.plist */,
				C95B11BE190F0D93005DC67D /* InfoPlist.strings */,
			);
			name = "Supporting Files";
			sourceTree = "<group>";
		};
		EFF3529919101DD600C925E8 /* Root */ = {
			isa = PBXGroup;
			children = (
				C95B11A8190F0D93005DC67D /* PPFirstViewController.h */,
				C95B11A9190F0D93005DC67D /* PPFirstViewController.m */,
				09CF32EF190F964C00632334 /* PPSpringSizeViewController.h */,
				09CF32F0190F964C00632334 /* PPSpringSizeViewController.m */,
				09CF32F2190FACCB00632334 /* PPSpringButtonViewController.h */,
				09CF32F3190FACCB00632334 /* PPSpringButtonViewController.m */,
				C92ABFC019145EE8006B9129 /* PPCustomSegue.h */,
				C92ABFC119145EE8006B9129 /* PPCustomSegue.m */,
				EFF3529A19101DE800C925E8 /* EnlargeImageViews */,
			);
			name = Root;
			sourceTree = "<group>";
		};
		EFF3529A19101DE800C925E8 /* EnlargeImageViews */ = {
			isa = PBXGroup;
			children = (
				09DEEFC1190FE43A00DEF195 /* PPPictureViewController.h */,
				09DEEFC2190FE43A00DEF195 /* PPPictureViewController.m */,
				EFF352A11910352600C925E8 /* PPPictureConstraintViewController.h */,
				EFF352A21910352600C925E8 /* PPPictureConstraintViewController.m */,
			);
			name = EnlargeImageViews;
			sourceTree = "<group>";
		};
/* End PBXGroup section */

/* Begin PBXNativeTarget section */
		C95B118F190F0D93005DC67D /* PopPlayground */ = {
			isa = PBXNativeTarget;
			buildConfigurationList = C95B11C5190F0D93005DC67D /* Build configuration list for PBXNativeTarget "PopPlayground" */;
			buildPhases = (
				3D5256D021E647FAA4932F13 /* Check Pods Manifest.lock */,
				C95B118C190F0D93005DC67D /* Sources */,
				C95B118D190F0D93005DC67D /* Frameworks */,
				C95B118E190F0D93005DC67D /* Resources */,
				8AC847B00D104280B0CC3F6E /* Copy Pods Resources */,
			);
			buildRules = (
			);
			dependencies = (
			);
			name = PopPlayground;
			productName = PopPlayground;
			productReference = C95B1190190F0D93005DC67D /* PopPlayground.app */;
			productType = "com.apple.product-type.application";
		};
		C95B11B3190F0D93005DC67D /* PopPlaygroundTests */ = {
			isa = PBXNativeTarget;
			buildConfigurationList = C95B11C8190F0D93005DC67D /* Build configuration list for PBXNativeTarget "PopPlaygroundTests" */;
			buildPhases = (
				C95B11B0190F0D93005DC67D /* Sources */,
				C95B11B1190F0D93005DC67D /* Frameworks */,
				C95B11B2190F0D93005DC67D /* Resources */,
			);
			buildRules = (
			);
			dependencies = (
				C95B11BA190F0D93005DC67D /* PBXTargetDependency */,
			);
			name = PopPlaygroundTests;
			productName = PopPlaygroundTests;
			productReference = C95B11B4190F0D93005DC67D /* PopPlaygroundTests.xctest */;
			productType = "com.apple.product-type.bundle.unit-test";
		};
/* End PBXNativeTarget section */

/* Begin PBXProject section */
		C95B1188190F0D93005DC67D /* Project object */ = {
			isa = PBXProject;
			attributes = {
				CLASSPREFIX = PP;
				LastUpgradeCheck = 0510;
				ORGANIZATIONNAME = Callmeed;
				TargetAttributes = {
					C95B11B3190F0D93005DC67D = {
						TestTargetID = C95B118F190F0D93005DC67D;
					};
				};
			};
			buildConfigurationList = C95B118B190F0D93005DC67D /* Build configuration list for PBXProject "PopPlayground" */;
			compatibilityVersion = "Xcode 3.2";
			developmentRegion = English;
			hasScannedForEncodings = 0;
			knownRegions = (
				en,
				Base,
			);
			mainGroup = C95B1187190F0D93005DC67D;
			productRefGroup = C95B1191190F0D93005DC67D /* Products */;
			projectDirPath = "";
			projectRoot = "";
			targets = (
				C95B118F190F0D93005DC67D /* PopPlayground */,
				C95B11B3190F0D93005DC67D /* PopPlaygroundTests */,
			);
		};
/* End PBXProject section */

/* Begin PBXResourcesBuildPhase section */
		C95B118E190F0D93005DC67D /* Resources */ = {
			isa = PBXResourcesBuildPhase;
			buildActionMask = 2147483647;
			files = (
				C95B11AF190F0D93005DC67D /* Images.xcassets in Resources */,
				09DEEFC0190FE3D700DEF195 /* fullscreen@2x.png in Resources */,
				09DEEFBE190FE35600DEF195 /* corsica@2x.jpg in Resources */,
				09DEEFB9190FE33C00DEF195 /* lock@2x.png in Resources */,
				C95B119E190F0D93005DC67D /* InfoPlist.strings in Resources */,
				C95B11A7190F0D93005DC67D /* Main.storyboard in Resources */,
				09DEEFBA190FE33C00DEF195 /* compose@2x.png in Resources */,
				09DEEFBC190FE33C00DEF195 /* photo@2x.png in Resources */,
				09DEEFB8190FE33C00DEF195 /* view@2x.png in Resources */,
				09DEEFB2190FD25900DEF195 /* cross@2x.png in Resources */,
				09DEEFBB190FE33C00DEF195 /* time@2x.png in Resources */,
			);
			runOnlyForDeploymentPostprocessing = 0;
		};
		C95B11B2190F0D93005DC67D /* Resources */ = {
			isa = PBXResourcesBuildPhase;
			buildActionMask = 2147483647;
			files = (
				C95B11C0190F0D93005DC67D /* InfoPlist.strings in Resources */,
			);
			runOnlyForDeploymentPostprocessing = 0;
		};
/* End PBXResourcesBuildPhase section */

/* Begin PBXShellScriptBuildPhase section */
		3D5256D021E647FAA4932F13 /* Check Pods Manifest.lock */ = {
			isa = PBXShellScriptBuildPhase;
			buildActionMask = 2147483647;
			files = (
			);
			inputPaths = (
			);
			name = "Check Pods Manifest.lock";
			outputPaths = (
			);
			runOnlyForDeploymentPostprocessing = 0;
			shellPath = /bin/sh;
			shellScript = "diff \"${PODS_ROOT}/../Podfile.lock\" \"${PODS_ROOT}/Manifest.lock\" > /dev/null\nif [[ $? != 0 ]] ; then\n    cat << EOM\nerror: The sandbox is not in sync with the Podfile.lock. Run 'pod install' or update your CocoaPods installation.\nEOM\n    exit 1\nfi\n";
			showEnvVarsInLog = 0;
		};
		8AC847B00D104280B0CC3F6E /* Copy Pods Resources */ = {
			isa = PBXShellScriptBuildPhase;
			buildActionMask = 2147483647;
			files = (
			);
			inputPaths = (
			);
			name = "Copy Pods Resources";
			outputPaths = (
			);
			runOnlyForDeploymentPostprocessing = 0;
			shellPath = /bin/sh;
			shellScript = "\"${SRCROOT}/Pods/Pods-resources.sh\"\n";
			showEnvVarsInLog = 0;
		};
/* End PBXShellScriptBuildPhase section */

/* Begin PBXSourcesBuildPhase section */
		C95B118C190F0D93005DC67D /* Sources */ = {
			isa = PBXSourcesBuildPhase;
			buildActionMask = 2147483647;
			files = (
				C95B11A4190F0D93005DC67D /* PPAppDelegate.m in Sources */,
				C95B11AA190F0D93005DC67D /* PPFirstViewController.m in Sources */,
				09CF32F1190F964C00632334 /* PPSpringSizeViewController.m in Sources */,
				EFF352A31910352600C925E8 /* PPPictureConstraintViewController.m in Sources */,
				09DEEFC3190FE43A00DEF195 /* PPPictureViewController.m in Sources */,
				C95B11A0190F0D93005DC67D /* main.m in Sources */,
				C92ABFC219145EE8006B9129 /* PPCustomSegue.m in Sources */,
				09CF32F4190FACCB00632334 /* PPSpringButtonViewController.m in Sources */,
			);
			runOnlyForDeploymentPostprocessing = 0;
		};
		C95B11B0190F0D93005DC67D /* Sources */ = {
			isa = PBXSourcesBuildPhase;
			buildActionMask = 2147483647;
			files = (
				C95B11C2190F0D93005DC67D /* PopPlaygroundTests.m in Sources */,
			);
			runOnlyForDeploymentPostprocessing = 0;
		};
/* End PBXSourcesBuildPhase section */

/* Begin PBXTargetDependency section */
		C95B11BA190F0D93005DC67D /* PBXTargetDependency */ = {
			isa = PBXTargetDependency;
			target = C95B118F190F0D93005DC67D /* PopPlayground */;
			targetProxy = C95B11B9190F0D93005DC67D /* PBXContainerItemProxy */;
		};
/* End PBXTargetDependency section */

/* Begin PBXVariantGroup section */
		C95B119C190F0D93005DC67D /* InfoPlist.strings */ = {
			isa = PBXVariantGroup;
			children = (
				C95B119D190F0D93005DC67D /* en */,
			);
			name = InfoPlist.strings;
			sourceTree = "<group>";
		};
		C95B11A5190F0D93005DC67D /* Main.storyboard */ = {
			isa = PBXVariantGroup;
			children = (
				C95B11A6190F0D93005DC67D /* Base */,
			);
			name = Main.storyboard;
			sourceTree = "<group>";
		};
		C95B11BE190F0D93005DC67D /* InfoPlist.strings */ = {
			isa = PBXVariantGroup;
			children = (
				C95B11BF190F0D93005DC67D /* en */,
			);
			name = InfoPlist.strings;
			sourceTree = "<group>";
		};
/* End PBXVariantGroup section */

/* Begin XCBuildConfiguration section */
		C95B11C3190F0D93005DC67D /* Debug */ = {
			isa = XCBuildConfiguration;
			buildSettings = {
				ALWAYS_SEARCH_USER_PATHS = NO;
				CLANG_CXX_LANGUAGE_STANDARD = "gnu++0x";
				CLANG_CXX_LIBRARY = "libc++";
				CLANG_ENABLE_MODULES = YES;
				CLANG_ENABLE_OBJC_ARC = YES;
				CLANG_WARN_BOOL_CONVERSION = YES;
				CLANG_WARN_CONSTANT_CONVERSION = YES;
				CLANG_WARN_DIRECT_OBJC_ISA_USAGE = YES_ERROR;
				CLANG_WARN_EMPTY_BODY = YES;
				CLANG_WARN_ENUM_CONVERSION = YES;
				CLANG_WARN_INT_CONVERSION = YES;
				CLANG_WARN_OBJC_ROOT_CLASS = YES_ERROR;
				CLANG_WARN__DUPLICATE_METHOD_MATCH = YES;
				"CODE_SIGN_IDENTITY[sdk=iphoneos*]" = "iPhone Developer";
				COPY_PHASE_STRIP = NO;
				GCC_C_LANGUAGE_STANDARD = gnu99;
				GCC_DYNAMIC_NO_PIC = NO;
				GCC_OPTIMIZATION_LEVEL = 0;
				GCC_PREPROCESSOR_DEFINITIONS = (
					"DEBUG=1",
					"$(inherited)",
				);
				GCC_SYMBOLS_PRIVATE_EXTERN = NO;
				GCC_WARN_64_TO_32_BIT_CONVERSION = YES;
				GCC_WARN_ABOUT_RETURN_TYPE = YES_ERROR;
				GCC_WARN_UNDECLARED_SELECTOR = YES;
				GCC_WARN_UNINITIALIZED_AUTOS = YES_AGGRESSIVE;
				GCC_WARN_UNUSED_FUNCTION = YES;
				GCC_WARN_UNUSED_VARIABLE = YES;
				IPHONEOS_DEPLOYMENT_TARGET = 7.1;
				ONLY_ACTIVE_ARCH = YES;
				SDKROOT = iphoneos;
			};
			name = Debug;
		};
		C95B11C4190F0D93005DC67D /* Release */ = {
			isa = XCBuildConfiguration;
			buildSettings = {
				ALWAYS_SEARCH_USER_PATHS = NO;
				CLANG_CXX_LANGUAGE_STANDARD = "gnu++0x";
				CLANG_CXX_LIBRARY = "libc++";
				CLANG_ENABLE_MODULES = YES;
				CLANG_ENABLE_OBJC_ARC = YES;
				CLANG_WARN_BOOL_CONVERSION = YES;
				CLANG_WARN_CONSTANT_CONVERSION = YES;
				CLANG_WARN_DIRECT_OBJC_ISA_USAGE = YES_ERROR;
				CLANG_WARN_EMPTY_BODY = YES;
				CLANG_WARN_ENUM_CONVERSION = YES;
				CLANG_WARN_INT_CONVERSION = YES;
				CLANG_WARN_OBJC_ROOT_CLASS = YES_ERROR;
				CLANG_WARN__DUPLICATE_METHOD_MATCH = YES;
				"CODE_SIGN_IDENTITY[sdk=iphoneos*]" = "iPhone Developer";
				COPY_PHASE_STRIP = YES;
				ENABLE_NS_ASSERTIONS = NO;
				GCC_C_LANGUAGE_STANDARD = gnu99;
				GCC_WARN_64_TO_32_BIT_CONVERSION = YES;
				GCC_WARN_ABOUT_RETURN_TYPE = YES_ERROR;
				GCC_WARN_UNDECLARED_SELECTOR = YES;
				GCC_WARN_UNINITIALIZED_AUTOS = YES_AGGRESSIVE;
				GCC_WARN_UNUSED_FUNCTION = YES;
				GCC_WARN_UNUSED_VARIABLE = YES;
				IPHONEOS_DEPLOYMENT_TARGET = 7.1;
				SDKROOT = iphoneos;
				VALIDATE_PRODUCT = YES;
			};
			name = Release;
		};
		C95B11C6190F0D93005DC67D /* Debug */ = {
			isa = XCBuildConfiguration;
			baseConfigurationReference = 799E71F0E1F847F68D944073 /* Pods.xcconfig */;
			buildSettings = {
				ASSETCATALOG_COMPILER_APPICON_NAME = AppIcon;
				ASSETCATALOG_COMPILER_LAUNCHIMAGE_NAME = LaunchImage;
				GCC_PRECOMPILE_PREFIX_HEADER = YES;
				GCC_PREFIX_HEADER = "PopPlayground/PopPlayground-Prefix.pch";
				INFOPLIST_FILE = "PopPlayground/PopPlayground-Info.plist";
				PRODUCT_NAME = "$(TARGET_NAME)";
				WRAPPER_EXTENSION = app;
			};
			name = Debug;
		};
		C95B11C7190F0D93005DC67D /* Release */ = {
			isa = XCBuildConfiguration;
			baseConfigurationReference = 799E71F0E1F847F68D944073 /* Pods.xcconfig */;
			buildSettings = {
				ASSETCATALOG_COMPILER_APPICON_NAME = AppIcon;
				ASSETCATALOG_COMPILER_LAUNCHIMAGE_NAME = LaunchImage;
				GCC_PRECOMPILE_PREFIX_HEADER = YES;
				GCC_PREFIX_HEADER = "PopPlayground/PopPlayground-Prefix.pch";
				INFOPLIST_FILE = "PopPlayground/PopPlayground-Info.plist";
				PRODUCT_NAME = "$(TARGET_NAME)";
				WRAPPER_EXTENSION = app;
			};
			name = Release;
		};
		C95B11C9190F0D93005DC67D /* Debug */ = {
			isa = XCBuildConfiguration;
			buildSettings = {
				BUNDLE_LOADER = "$(BUILT_PRODUCTS_DIR)/PopPlayground.app/PopPlayground";
				FRAMEWORK_SEARCH_PATHS = (
					"$(SDKROOT)/Developer/Library/Frameworks",
					"$(inherited)",
					"$(DEVELOPER_FRAMEWORKS_DIR)",
				);
				GCC_PRECOMPILE_PREFIX_HEADER = YES;
				GCC_PREFIX_HEADER = "PopPlayground/PopPlayground-Prefix.pch";
				GCC_PREPROCESSOR_DEFINITIONS = (
					"DEBUG=1",
					"$(inherited)",
				);
				INFOPLIST_FILE = "PopPlaygroundTests/PopPlaygroundTests-Info.plist";
				PRODUCT_NAME = "$(TARGET_NAME)";
				TEST_HOST = "$(BUNDLE_LOADER)";
				WRAPPER_EXTENSION = xctest;
			};
			name = Debug;
		};
		C95B11CA190F0D93005DC67D /* Release */ = {
			isa = XCBuildConfiguration;
			buildSettings = {
				BUNDLE_LOADER = "$(BUILT_PRODUCTS_DIR)/PopPlayground.app/PopPlayground";
				FRAMEWORK_SEARCH_PATHS = (
					"$(SDKROOT)/Developer/Library/Frameworks",
					"$(inherited)",
					"$(DEVELOPER_FRAMEWORKS_DIR)",
				);
				GCC_PRECOMPILE_PREFIX_HEADER = YES;
				GCC_PREFIX_HEADER = "PopPlayground/PopPlayground-Prefix.pch";
				INFOPLIST_FILE = "PopPlaygroundTests/PopPlaygroundTests-Info.plist";
				PRODUCT_NAME = "$(TARGET_NAME)";
				TEST_HOST = "$(BUNDLE_LOADER)";
				WRAPPER_EXTENSION = xctest;
			};
			name = Release;
		};
/* End XCBuildConfiguration section */

/* Begin XCConfigurationList section */
		C95B118B190F0D93005DC67D /* Build configuration list for PBXProject "PopPlayground" */ = {
			isa = XCConfigurationList;
			buildConfigurations = (
				C95B11C3190F0D93005DC67D /* Debug */,
				C95B11C4190F0D93005DC67D /* Release */,
			);
			defaultConfigurationIsVisible = 0;
			defaultConfigurationName = Release;
		};
		C95B11C5190F0D93005DC67D /* Build configuration list for PBXNativeTarget "PopPlayground" */ = {
			isa = XCConfigurationList;
			buildConfigurations = (
				C95B11C6190F0D93005DC67D /* Debug */,
				C95B11C7190F0D93005DC67D /* Release */,
			);
			defaultConfigurationIsVisible = 0;
			defaultConfigurationName = Release;
		};
		C95B11C8190F0D93005DC67D /* Build configuration list for PBXNativeTarget "PopPlaygroundTests" */ = {
			isa = XCConfigurationList;
			buildConfigurations = (
				C95B11C9190F0D93005DC67D /* Debug */,
				C95B11CA190F0D93005DC67D /* Release */,
			);
			defaultConfigurationIsVisible = 0;
			defaultConfigurationName = Release;
		};
/* End XCConfigurationList section */
	};
	rootObject = C95B1188190F0D93005DC67D /* Project object */;
}
